github.com/skkim-01/signal-waiter v0.0.0-20210329025958-216c910f2255 h1:XRGJrOYRdTVBQ1dSO9j2POplxLaFuOSJBK7HVdW0NBY=
github.com/skkim-01/signal-waiter v0.0.0-20210329025958-216c910f2255/go.mod h1:/f5qM4fZfJ0kUotPy2fxRcV0xai+bfaC+y1I9uC35DE=
github.com/skkim-01/task v0.0.0-20210426081839-6f2602f51b42 h1:Z+kjoFF1PdavL/r7doMCHSZ5covzoyZImN3xzoSGVaE=
github.com/skkim-01/task v0.0.0-20210426081839-6f2602f51b42/go.mod h1:U4iX4NCiSf9bsbBiA+antcktpkYgSEu86t+JsOyr+ao=
